
Microsoft Visual Studio Solution File, Format Version 12.00
# Visual Studio Version 17
VisualStudioVersion = 17.2.32630.192
MinimumVisualStudioVersion = 10.0.40219.1
Project("{9A19103F-16F7-4668-BE54-9A1E7A4F7556}") = "TwitterClone.API", "TwitterClone.API\TwitterClone.API.csproj", "{B692BFA7-FD02-439E-967D-1880B15CE432}"
EndProject
Project("{9A19103F-16F7-4668-BE54-9A1E7A4F7556}") = "TwitterClone.Core", "TwitterClone.Core\TwitterClone.Core.csproj", "{A16EE9AA-FD59-45C0-AF90-B307B8B4489F}"
EndProject
Project("{FAE04EC0-301F-11D3-BF4B-00C04F79EFBC}") = "TwitterClone.Infrastructure", "TwitterClone.Infrastructure\TwitterClone.Infrastructure.csproj", "{AB171F84-398D-4B23-AF9D-4EB15BEE0D19}"
EndProject
Global
	GlobalSection(SolutionConfigurationPlatforms) = preSolution
		Debug|Any CPU = Debug|Any CPU
		Release|Any CPU = Release|Any CPU
	EndGlobalSection
	GlobalSection(ProjectConfigurationPlatforms) = postSolution
		{B692BFA7-FD02-439E-967D-1880B15CE432}.Debug|Any CPU.ActiveCfg = Debug|Any CPU
		{B692BFA7-FD02-439E-967D-1880B15CE432}.Debug|Any CPU.Build.0 = Debug|Any CPU
		{B692BFA7-FD02-439E-967D-1880B15CE432}.Release|Any CPU.ActiveCfg = Release|Any CPU
		{B692BFA7-FD02-439E-967D-1880B15CE432}.Release|Any CPU.Build.0 = Release|Any CPU
		{A16EE9AA-FD59-45C0-AF90-B307B8B4489F}.Debug|Any CPU.ActiveCfg = Debug|Any CPU
		{A16EE9AA-FD59-45C0-AF90-B307B8B4489F}.Debug|Any CPU.Build.0 = Debug|Any CPU
		{A16EE9AA-FD59-45C0-AF90-B307B8B4489F}.Release|Any CPU.ActiveCfg = Release|Any CPU
		{A16EE9AA-FD59-45C0-AF90-B307B8B4489F}.Release|Any CPU.Build.0 = Release|Any CPU
		{AB171F84-398D-4B23-AF9D-4EB15BEE0D19}.Debug|Any CPU.ActiveCfg = Debug|Any CPU
		{AB171F84-398D-4B23-AF9D-4EB15BEE0D19}.Debug|Any CPU.Build.0 = Debug|Any CPU
		{AB171F84-398D-4B23-AF9D-4EB15BEE0D19}.Release|Any CPU.ActiveCfg = Release|Any CPU
		{AB171F84-398D-4B23-AF9D-4EB15BEE0D19}.Release|Any CPU.Build.0 = Release|Any CPU
	EndGlobalSection
	GlobalSection(SolutionProperties) = preSolution
		HideSolutionNode = FALSE
	EndGlobalSection
	GlobalSection(ExtensibilityGlobals) = postSolution
		SolutionGuid = {E50DBACD-1655-4021-A940-5CDCD0D09D01}
	EndGlobalSection
EndGlobal
